
Microsoft Visual Studio Solution File, Format Version 12.00
# Visual Studio Version 16
VisualStudioVersion = 16.0.37507.1
MinimumVisualStudioVersion = 10.0.40219.1
Project("{FAE04EC0-301F-11D3-BF4B-00C04F79EFBC}") = "Estadistico", "Estadistico.csproj", "{9882A99D-F26F-4469-919F-58A78405559B}"
EndProject
Global
	GlobalSection(SolutionConfigurationPlatforms) = preSolution
		Debug|Any CPU = Debug|Any CPU
		Release|Any CPU = Release|Any CPU
	EndGlobalSection
	GlobalSection(ProjectConfigurationPlatforms) = postSolution
		{9882A99D-F26F-4469-919F-58A78405559B}.Debug|Any CPU.ActiveCfg = Debug|Any CPU
		{9882A99D-F26F-4469-919F-58A78405559B}.Debug|Any CPU.Build.0 = Debug|Any CPU
		{9882A99D-F26F-4469-919F-58A78405559B}.Release|Any CPU.ActiveCfg = Release|Any CPU
		{9882A99D-F26F-4469-919F-58A78405559B}.Release|Any CPU.Build.0 = Release|Any CPU
	EndGlobalSection
	GlobalSection(SolutionProperties) = preSolution
		HideSolutionNode = FALSE
	EndGlobalSection
	GlobalSection(ExtensibilityGlobals) = postSolution
		SolutionGuid = {DC2DD303-726D-4F03-AF2F-62166A3A2346}
	EndGlobalSection
EndGlobal
