
Microsoft Visual Studio Solution File, Format Version 12.00
# Visual Studio Version 16
VisualStudioVersion = 16.0.37206.5
MinimumVisualStudioVersion = 10.0.40219.1
Project("{FAE04EC0-301F-11D3-BF4B-00C04F79EFBC}") = "Sistemaestadistico.calcule", "Sistemaestadistico.calcule\Sistemaestadistico.calcule.csproj", "{9872BC61-D647-49F3-B67D-69F35AC4BCBA}"
EndProject
Global
	GlobalSection(SolutionConfigurationPlatforms) = preSolution
		Debug|Any CPU = Debug|Any CPU
		Release|Any CPU = Release|Any CPU
	EndGlobalSection
	GlobalSection(ProjectConfigurationPlatforms) = postSolution
		{9872BC61-D647-49F3-B67D-69F35AC4BCBA}.Debug|Any CPU.ActiveCfg = Debug|Any CPU
		{9872BC61-D647-49F3-B67D-69F35AC4BCBA}.Debug|Any CPU.Build.0 = Debug|Any CPU
		{9872BC61-D647-49F3-B67D-69F35AC4BCBA}.Release|Any CPU.ActiveCfg = Release|Any CPU
		{9872BC61-D647-49F3-B67D-69F35AC4BCBA}.Release|Any CPU.Build.0 = Release|Any CPU
	EndGlobalSection
	GlobalSection(SolutionProperties) = preSolution
		HideSolutionNode = FALSE
	EndGlobalSection
	GlobalSection(ExtensibilityGlobals) = postSolution
		SolutionGuid = {05EC00AE-989F-48CC-B97A-C06EBF293D8B}
	EndGlobalSection
EndGlobal
